{
  "version": 4,
  "terraform_version": "1.12.2",
  "serial": 279,
  "lineage": "ae6989a4-78d6-a889-4715-0661aa6b16c3",
  "outputs": {},
  "resources": [
    {
      "mode": "managed",
      "type": "aws_db_subnet_group",
      "name": "project_dbsubnet_group",
      "provider": "provider[\"registry.terraform.io/hashicorp/aws\"]",
      "instances": [
        {
          "status": "tainted",
          "schema_version": 0,
          "attributes": {
            "arn": "arn:aws:rds:us-east-1:613307913725:subgrp:project-db-subnet-group",
            "description": "DB subnet group for project-db",
            "id": "project-db-subnet-group",
            "name": "project-db-subnet-group",
            "name_prefix": "",
            "subnet_ids": [
              "subnet-01bfced1f6e71420a",
              "subnet-0c73bd4ee2d91efc0"
            ],
            "supported_network_types": [
              "IPV4"
            ],
            "tags": {
              "Name": "project-db-subnet-group"
            },
            "tags_all": {
              "Name": "project-db-subnet-group"
            },
            "vpc_id": "vpc-06191479c2abf9b7e"
          },
          "sensitive_attributes": [],
          "identity_schema_version": 0,
          "private": "bnVsbA==",
          "dependencies": [
            "aws_subnet.project_private_sn_1",
            "aws_subnet.project_private_sn_2",
            "aws_vpc.project_vpc"
          ]
        }
      ]
    },
    {
      "mode": "managed",
      "type": "aws_key_pair",
      "name": "final_pem",
      "provider": "provider[\"registry.terraform.io/hashicorp/aws\"]",
      "instances": [
        {
          "schema_version": 1,
          "attributes": {
            "arn": "arn:aws:ec2:us-east-1:613307913725:key-pair/final-pem",
            "fingerprint": "24:83:48:4c:e1:9f:c5:45:f2:bc:f8:b5:b8:21:bd:e0",
            "id": "final-pem",
            "key_name": "final-pem",
            "key_name_prefix": "",
            "key_pair_id": "key-03e1c7cb89db79716",
            "key_type": "rsa",
            "public_key": "ssh-rsa AAAAB3NzaC1yc2EAAAADAQABAAABAQCzi9P3jeMa/bvkWZQVKNjOAnGiMkbHbKzwgUta7tQlvgbMCdPEXgpO+gPenW1/5JyPhBUIyw7dQcCGEyUldy51L6q6b7Cf+HdS0QtIMe3keVD5ubFWqCb01m28Dwv/5uVa3vz7zkDr7B+P7GDny836beUXk8tKWMqeKM3m94+sZTI4KnO+F19ca8oLuso1mfOJi4+7Tkd56vPChfR59v4KtnHglKT0mrfI9SntFy6IT7G6wM0p+Qx2s90NV7SRd+pCbtyvhCcQwZfrkNz6LT889nBQF9wHrhArXdoGHMVf4hrxnLB8GsBzyilyBsuy1vuIu6IaJIC5ZhAJcoKghgMb",
            "tags": {},
            "tags_all": {}
          },
          "sensitive_attributes": [],
          "identity_schema_version": 0,
          "private": "eyJzY2hlbWFfdmVyc2lvbiI6IjEifQ=="
        }
      ]
    },
    {
      "mode": "managed",
      "type": "aws_subnet",
      "name": "project_private_sn_1",
      "provider": "provider[\"registry.terraform.io/hashicorp/aws\"]",
      "instances": [
        {
          "schema_version": 1,
          "attributes": {
            "arn": "arn:aws:ec2:us-east-1:613307913725:subnet/subnet-01bfced1f6e71420a",
            "assign_ipv6_address_on_creation": false,
            "availability_zone": "us-east-1b",
            "availability_zone_id": "use1-az6",
            "cidr_block": "10.0.2.0/24",
            "customer_owned_ipv4_pool": "",
            "enable_dns64": false,
            "enable_lni_at_device_index": 0,
            "enable_resource_name_dns_a_record_on_launch": false,
            "enable_resource_name_dns_aaaa_record_on_launch": false,
            "id": "subnet-01bfced1f6e71420a",
            "ipv6_cidr_block": "",
            "ipv6_cidr_block_association_id": "",
            "ipv6_native": false,
            "map_customer_owned_ip_on_launch": false,
            "map_public_ip_on_launch": false,
            "outpost_arn": "",
            "owner_id": "613307913725",
            "private_dns_hostname_type_on_launch": "ip-name",
            "tags": {
              "Name": "final-project-private-subnet-1"
            },
            "tags_all": {
              "Name": "final-project-private-subnet-1"
            },
            "timeouts": null,
            "vpc_id": "vpc-06191479c2abf9b7e"
          },
          "sensitive_attributes": [],
          "identity_schema_version": 0,
          "private": "eyJlMmJmYjczMC1lY2FhLTExZTYtOGY4OC0zNDM2M2JjN2M0YzAiOnsiY3JlYXRlIjo2MDAwMDAwMDAwMDAsImRlbGV0ZSI6MTIwMDAwMDAwMDAwMH0sInNjaGVtYV92ZXJzaW9uIjoiMSJ9",
          "dependencies": [
            "aws_vpc.project_vpc"
          ]
        }
      ]
    },
    {
      "mode": "managed",
      "type": "aws_subnet",
      "name": "project_private_sn_2",
      "provider": "provider[\"registry.terraform.io/hashicorp/aws\"]",
      "instances": [
        {
          "schema_version": 1,
          "attributes": {
            "arn": "arn:aws:ec2:us-east-1:613307913725:subnet/subnet-0c73bd4ee2d91efc0",
            "assign_ipv6_address_on_creation": false,
            "availability_zone": "us-east-1c",
            "availability_zone_id": "use1-az1",
            "cidr_block": "10.0.3.0/24",
            "customer_owned_ipv4_pool": "",
            "enable_dns64": false,
            "enable_lni_at_device_index": 0,
            "enable_resource_name_dns_a_record_on_launch": false,
            "enable_resource_name_dns_aaaa_record_on_launch": false,
            "id": "subnet-0c73bd4ee2d91efc0",
            "ipv6_cidr_block": "",
            "ipv6_cidr_block_association_id": "",
            "ipv6_native": false,
            "map_customer_owned_ip_on_launch": false,
            "map_public_ip_on_launch": false,
            "outpost_arn": "",
            "owner_id": "613307913725",
            "private_dns_hostname_type_on_launch": "ip-name",
            "tags": {
              "Name": "final-project-private-subnet-2"
            },
            "tags_all": {
              "Name": "final-project-private-subnet-2"
            },
            "timeouts": null,
            "vpc_id": "vpc-06191479c2abf9b7e"
          },
          "sensitive_attributes": [],
          "identity_schema_version": 0,
          "private": "eyJlMmJmYjczMC1lY2FhLTExZTYtOGY4OC0zNDM2M2JjN2M0YzAiOnsiY3JlYXRlIjo2MDAwMDAwMDAwMDAsImRlbGV0ZSI6MTIwMDAwMDAwMDAwMH0sInNjaGVtYV92ZXJzaW9uIjoiMSJ9",
          "dependencies": [
            "aws_vpc.project_vpc"
          ]
        }
      ]
    },
    {
      "mode": "managed",
      "type": "aws_vpc",
      "name": "project_vpc",
      "provider": "provider[\"registry.terraform.io/hashicorp/aws\"]",
      "instances": [
        {
          "schema_version": 1,
          "attributes": {
            "arn": "arn:aws:ec2:us-east-1:613307913725:vpc/vpc-06191479c2abf9b7e",
            "assign_generated_ipv6_cidr_block": false,
            "cidr_block": "10.0.0.0/16",
            "default_network_acl_id": "acl-03422624fc0b45c59",
            "default_route_table_id": "rtb-037bd12daa52f56b5",
            "default_security_group_id": "sg-0712cf0c7b4dc1e10",
            "dhcp_options_id": "dopt-06c0a6137f4833e7d",
            "enable_dns_hostnames": false,
            "enable_dns_support": true,
            "enable_network_address_usage_metrics": false,
            "id": "vpc-06191479c2abf9b7e",
            "instance_tenancy": "default",
            "ipv4_ipam_pool_id": null,
            "ipv4_netmask_length": null,
            "ipv6_association_id": "",
            "ipv6_cidr_block": "",
            "ipv6_cidr_block_network_border_group": "",
            "ipv6_ipam_pool_id": "",
            "ipv6_netmask_length": 0,
            "main_route_table_id": "rtb-037bd12daa52f56b5",
            "owner_id": "613307913725",
            "tags": {
              "Name": "final-project-vpc"
            },
            "tags_all": {
              "Name": "final-project-vpc"
            }
          },
          "sensitive_attributes": [],
          "identity_schema_version": 0,
          "private": "eyJzY2hlbWFfdmVyc2lvbiI6IjEifQ=="
        }
      ]
    }
  ],
  "check_results": null
}
